
Microsoft Visual Studio Solution File, Format Version 12.00
# Visual Studio Version 16
VisualStudioVersion = 16.0.32929.386
MinimumVisualStudioVersion = 10.0.40219.1
Project("{9A19103F-16F7-4668-BE54-9A1E7A4F7556}") = "MVCGarden", "MVCGarden\MVCGarden.csproj", "{C377AC42-8C6C-4379-B555-836ABC7276CE}"
EndProject
Project("{FAE04EC0-301F-11D3-BF4B-00C04F79EFBC}") = "MVCTransport", "MVCTransport\MVCTransport.csproj", "{6614D330-DC63-4209-A844-45A9FF29484D}"
EndProject
Global
	GlobalSection(SolutionConfigurationPlatforms) = preSolution
		Debug|Any CPU = Debug|Any CPU
		Release|Any CPU = Release|Any CPU
	EndGlobalSection
	GlobalSection(ProjectConfigurationPlatforms) = postSolution
		{C377AC42-8C6C-4379-B555-836ABC7276CE}.Debug|Any CPU.ActiveCfg = Debug|Any CPU
		{C377AC42-8C6C-4379-B555-836ABC7276CE}.Debug|Any CPU.Build.0 = Debug|Any CPU
		{C377AC42-8C6C-4379-B555-836ABC7276CE}.Release|Any CPU.ActiveCfg = Release|Any CPU
		{C377AC42-8C6C-4379-B555-836ABC7276CE}.Release|Any CPU.Build.0 = Release|Any CPU
		{6614D330-DC63-4209-A844-45A9FF29484D}.Debug|Any CPU.ActiveCfg = Debug|Any CPU
		{6614D330-DC63-4209-A844-45A9FF29484D}.Debug|Any CPU.Build.0 = Debug|Any CPU
		{6614D330-DC63-4209-A844-45A9FF29484D}.Release|Any CPU.ActiveCfg = Release|Any CPU
		{6614D330-DC63-4209-A844-45A9FF29484D}.Release|Any CPU.Build.0 = Release|Any CPU
	EndGlobalSection
	GlobalSection(SolutionProperties) = preSolution
		HideSolutionNode = FALSE
	EndGlobalSection
	GlobalSection(ExtensibilityGlobals) = postSolution
		SolutionGuid = {375EE01A-EC14-4D6D-A225-50516CF09AB4}
	EndGlobalSection
EndGlobal
